{
	"name": "z7_blog",
	"requires": true,
	"lockfileVersion": 1,
	"dependencies": {
		"@yaireo/tagify": {
			"version": "3.11.1",
			"resolved": "https://registry.npmjs.org/@yaireo/tagify/-/tagify-3.11.1.tgz",
			"integrity": "sha512-NfUak7TJ3Co8YqQElcEiUmPpyWk2ut6G/Z5sy7rQLnCxziVEBS2WC/UfTsfq1XV/FCs4c9y9WNALnZ6nXUZzOA==",
			"dev": true
		},
		"gulp-rename": {
			"version": "2.0.0",
			"resolved": "https://registry.npmjs.org/gulp-rename/-/gulp-rename-2.0.0.tgz",
			"integrity": "sha512-97Vba4KBzbYmR5VBs9mWmK+HwIf5mj+/zioxfZhOKeXtx5ZjBk57KFlePf5nxq9QsTtFl0ejnHE3zTC9MHXqyQ==",
			"dev": true
		}
	}
}
